
Microsoft Visual Studio Solution File, Format Version 12.00
# Visual Studio Version 17
VisualStudioVersion = 17.9.34723.18
MinimumVisualStudioVersion = 10.0.40219.1
Project("{FAE04EC0-301F-11D3-BF4B-00C04F79EFBC}") = "web09052024", "web09052024.csproj", "{781A1131-45DF-4D5C-8262-0D218F336DF4}"
EndProject
Global
	GlobalSection(SolutionConfigurationPlatforms) = preSolution
		Debug|Any CPU = Debug|Any CPU
		Release|Any CPU = Release|Any CPU
	EndGlobalSection
	GlobalSection(ProjectConfigurationPlatforms) = postSolution
		{781A1131-45DF-4D5C-8262-0D218F336DF4}.Debug|Any CPU.ActiveCfg = Debug|Any CPU
		{781A1131-45DF-4D5C-8262-0D218F336DF4}.Debug|Any CPU.Build.0 = Debug|Any CPU
		{781A1131-45DF-4D5C-8262-0D218F336DF4}.Release|Any CPU.ActiveCfg = Release|Any CPU
		{781A1131-45DF-4D5C-8262-0D218F336DF4}.Release|Any CPU.Build.0 = Release|Any CPU
	EndGlobalSection
	GlobalSection(SolutionProperties) = preSolution
		HideSolutionNode = FALSE
	EndGlobalSection
	GlobalSection(ExtensibilityGlobals) = postSolution
		SolutionGuid = {3CD729A9-48EE-4C52-8A67-CF3DAB341189}
	EndGlobalSection
EndGlobal
